
Microsoft Visual Studio Solution File, Format Version 12.00
# Visual Studio Version 17
VisualStudioVersion = 17.0.31903.59
MinimumVisualStudioVersion = 10.0.40219.1
Project("{FAE04EC0-301F-11D3-BF4B-00C04F79EFBC}") = "RestWithASP-NET5", "RestWithASP-NET5\RestWithASP-NET5.csproj", "{A9E05D33-43E8-4FDD-971E-8573452A9CD9}"
EndProject
Global
	GlobalSection(SolutionConfigurationPlatforms) = preSolution
		Debug|Any CPU = Debug|Any CPU
		Release|Any CPU = Release|Any CPU
	EndGlobalSection
	GlobalSection(SolutionProperties) = preSolution
		HideSolutionNode = FALSE
	EndGlobalSection
	GlobalSection(ProjectConfigurationPlatforms) = postSolution
		{A9E05D33-43E8-4FDD-971E-8573452A9CD9}.Debug|Any CPU.ActiveCfg = Debug|Any CPU
		{A9E05D33-43E8-4FDD-971E-8573452A9CD9}.Debug|Any CPU.Build.0 = Debug|Any CPU
		{A9E05D33-43E8-4FDD-971E-8573452A9CD9}.Release|Any CPU.ActiveCfg = Release|Any CPU
		{A9E05D33-43E8-4FDD-971E-8573452A9CD9}.Release|Any CPU.Build.0 = Release|Any CPU
	EndGlobalSection
EndGlobal
